// !$*UTF8*$!
{
	archiveVersion = 1;
	classes = {
	};
	objectVersion = 77;
	objects = {

/* Begin PBXContainerItemProxy section */
		69DF5E422E209A4800CE5E2A /* PBXContainerItemProxy */ = {
			isa = PBXContainerItemProxy;
			containerPortal = 69DF5E2C2E209A4600CE5E2A /* Project object */;
			proxyType = 1;
			remoteGlobalIDString = 69DF5E332E209A4600CE5E2A;
			remoteInfo = Yut;
		};
		69DF5E4C2E209A4800CE5E2A /* PBXContainerItemProxy */ = {
			isa = PBXContainerItemProxy;
			containerPortal = 69DF5E2C2E209A4600CE5E2A /* Project object */;
			proxyType = 1;
			remoteGlobalIDString = 69DF5E332E209A4600CE5E2A;
			remoteInfo = Yut;
		};
/* End PBXContainerItemProxy section */

/* Begin PBXFileReference section */
		69DF5E342E209A4600CE5E2A /* Yut.app */ = {isa = PBXFileReference; explicitFileType = wrapper.application; includeInIndex = 0; path = Yut.app; sourceTree = BUILT_PRODUCTS_DIR; };
		69DF5E412E209A4800CE5E2A /* YutTests.xctest */ = {isa = PBXFileReference; explicitFileType = wrapper.cfbundle; includeInIndex = 0; path = YutTests.xctest; sourceTree = BUILT_PRODUCTS_DIR; };
		69DF5E4B2E209A4800CE5E2A /* YutUITests.xctest */ = {isa = PBXFileReference; explicitFileType = wrapper.cfbundle; includeInIndex = 0; path = YutUITests.xctest; sourceTree = BUILT_PRODUCTS_DIR; };
/* End PBXFileReference section */

/* Begin PBXFileSystemSynchronizedBuildFileExceptionSet section */
		277D74AD2E28887900DE2A2E /* Exceptions for "Yut" folder in "Yut" target */ = {
			isa = PBXFileSystemSynchronizedBuildFileExceptionSet;
			membershipExceptions = (
				Info.plist,
			);
			target = 69DF5E332E209A4600CE5E2A /* Yut */;
		};
/* End PBXFileSystemSynchronizedBuildFileExceptionSet section */

/* Begin PBXFileSystemSynchronizedRootGroup section */
		69DF5E362E209A4600CE5E2A /* Yut */ = {
			isa = PBXFileSystemSynchronizedRootGroup;
			exceptions = (
				277D74AD2E28887900DE2A2E /* Exceptions for "Yut" folder in "Yut" target */,
			);
			path = Yut;
			sourceTree = "<group>";
		};
		69DF5E442E209A4800CE5E2A /* YutTests */ = {
			isa = PBXFileSystemSynchronizedRootGroup;
			path = YutTests;
			sourceTree = "<group>";
		};
		69DF5E4E2E209A4800CE5E2A /* YutUITests */ = {
			isa = PBXFileSystemSynchronizedRootGroup;
			path = YutUITests;
			sourceTree = "<group>";
		};
/* End PBXFileSystemSynchronizedRootGroup section */

/* Begin PBXFrameworksBuildPhase section */
		69DF5E312E209A4600CE5E2A /* Frameworks */ = {
			isa = PBXFrameworksBuildPhase;
			buildActionMask = 2147483647;
			files = (
			);
			runOnlyForDeploymentPostprocessing = 0;
		};
		69DF5E3E2E209A4800CE5E2A /* Frameworks */ = {
			isa = PBXFrameworksBuildPhase;
			buildActionMask = 2147483647;
			files = (
			);
			runOnlyForDeploymentPostprocessing = 0;
		};
		69DF5E482E209A4800CE5E2A /* Frameworks */ = {
			isa = PBXFrameworksBuildPhase;
			buildActionMask = 2147483647;
			files = (
			);
			runOnlyForDeploymentPostprocessing = 0;
		};
/* End PBXFrameworksBuildPhase section */

/* Begin PBXGroup section */
		69DF5E2B2E209A4600CE5E2A = {
			isa = PBXGroup;
			children = (
				69DF5E362E209A4600CE5E2A /* Yut */,
				69DF5E442E209A4800CE5E2A /* YutTests */,
				69DF5E4E2E209A4800CE5E2A /* YutUITests */,
				69DF5E352E209A4600CE5E2A /* Products */,
			);
			sourceTree = "<group>";
		};
		69DF5E352E209A4600CE5E2A /* Products */ = {
			isa = PBXGroup;
			children = (
				69DF5E342E209A4600CE5E2A /* Yut.app */,
				69DF5E412E209A4800CE5E2A /* YutTests.xctest */,
				69DF5E4B2E209A4800CE5E2A /* YutUITests.xctest */,
			);
			name = Products;
			sourceTree = "<group>";
		};
/* End PBXGroup section */

/* Begin PBXNativeTarget section */
		69DF5E332E209A4600CE5E2A /* Yut */ = {
			isa = PBXNativeTarget;
			buildConfigurationList = 69DF5E552E209A4800CE5E2A /* Build configuration list for PBXNativeTarget "Yut" */;
			buildPhases = (
				69DF5E302E209A4600CE5E2A /* Sources */,
				69DF5E312E209A4600CE5E2A /* Frameworks */,
				69DF5E322E209A4600CE5E2A /* Resources */,
			);
			buildRules = (
			);
			dependencies = (
			);
			fileSystemSynchronizedGroups = (
				69DF5E362E209A4600CE5E2A /* Yut */,
			);
			name = Yut;
			packageProductDependencies = (
			);
			productName = Yut;
			productReference = 69DF5E342E209A4600CE5E2A /* Yut.app */;
			productType = "com.apple.product-type.application";
		};
		69DF5E402E209A4800CE5E2A /* YutTests */ = {
			isa = PBXNativeTarget;
			buildConfigurationList = 69DF5E582E209A4800CE5E2A /* Build configuration list for PBXNativeTarget "YutTests" */;
			buildPhases = (
				69DF5E3D2E209A4800CE5E2A /* Sources */,
				69DF5E3E2E209A4800CE5E2A /* Frameworks */,
				69DF5E3F2E209A4800CE5E2A /* Resources */,
			);
			buildRules = (
			);
			dependencies = (
				69DF5E432E209A4800CE5E2A /* PBXTargetDependency */,
			);
			fileSystemSynchronizedGroups = (
				69DF5E442E209A4800CE5E2A /* YutTests */,
			);
			name = YutTests;
			packageProductDependencies = (
			);
			productName = YutTests;
			productReference = 69DF5E412E209A4800CE5E2A /* YutTests.xctest */;
			productType = "com.apple.product-type.bundle.unit-test";
		};
		69DF5E4A2E209A4800CE5E2A /* YutUITests */ = {
			isa = PBXNativeTarget;
			buildConfigurationList = 69DF5E5B2E209A4800CE5E2A /* Build configuration list for PBXNativeTarget "YutUITests" */;
			buildPhases = (
				69DF5E472E209A4800CE5E2A /* Sources */,
				69DF5E482E209A4800CE5E2A /* Frameworks */,
				69DF5E492E209A4800CE5E2A /* Resources */,
			);
			buildRules = (
			);
			dependencies = (
				69DF5E4D2E209A4800CE5E2A /* PBXTargetDependency */,
			);
			fileSystemSynchronizedGroups = (
				69DF5E4E2E209A4800CE5E2A /* YutUITests */,
			);
			name = YutUITests;
			packageProductDependencies = (
			);
			productName = YutUITests;
			productReference = 69DF5E4B2E209A4800CE5E2A /* YutUITests.xctest */;
			productType = "com.apple.product-type.bundle.ui-testing";
		};
/* End PBXNativeTarget section */

/* Begin PBXProject section */
		69DF5E2C2E209A4600CE5E2A /* Project object */ = {
			isa = PBXProject;
			attributes = {
				BuildIndependentTargetsInParallel = 1;
				LastSwiftUpdateCheck = 1640;
				LastUpgradeCheck = 1640;
				TargetAttributes = {
					69DF5E332E209A4600CE5E2A = {
						CreatedOnToolsVersion = 16.4;
					};
					69DF5E402E209A4800CE5E2A = {
						CreatedOnToolsVersion = 16.4;
						TestTargetID = 69DF5E332E209A4600CE5E2A;
					};
					69DF5E4A2E209A4800CE5E2A = {
						CreatedOnToolsVersion = 16.4;
						TestTargetID = 69DF5E332E209A4600CE5E2A;
					};
				};
			};
			buildConfigurationList = 69DF5E2F2E209A4600CE5E2A /* Build configuration list for PBXProject "Yut" */;
			developmentRegion = en;
			hasScannedForEncodings = 0;
			knownRegions = (
				en,
				Base,
			);
			mainGroup = 69DF5E2B2E209A4600CE5E2A;
			minimizedProjectReferenceProxies = 1;
			preferredProjectObjectVersion = 77;
			productRefGroup = 69DF5E352E209A4600CE5E2A /* Products */;
			projectDirPath = "";
			projectRoot = "";
			targets = (
				69DF5E332E209A4600CE5E2A /* Yut */,
				69DF5E402E209A4800CE5E2A /* YutTests */,
				69DF5E4A2E209A4800CE5E2A /* YutUITests */,
			);
		};
/* End PBXProject section */

/* Begin PBXResourcesBuildPhase section */
		69DF5E322E209A4600CE5E2A /* Resources */ = {
			isa = PBXResourcesBuildPhase;
			buildActionMask = 2147483647;
			files = (
			);
			runOnlyForDeploymentPostprocessing = 0;
		};
		69DF5E3F2E209A4800CE5E2A /* Resources */ = {
			isa = PBXResourcesBuildPhase;
			buildActionMask = 2147483647;
			files = (
			);
			runOnlyForDeploymentPostprocessing = 0;
		};
		69DF5E492E209A4800CE5E2A /* Resources */ = {
			isa = PBXResourcesBuildPhase;
			buildActionMask = 2147483647;
			files = (
			);
			runOnlyForDeploymentPostprocessing = 0;
		};
/* End PBXResourcesBuildPhase section */

/* Begin PBXSourcesBuildPhase section */
		69DF5E302E209A4600CE5E2A /* Sources */ = {
			isa = PBXSourcesBuildPhase;
			buildActionMask = 2147483647;
			files = (
			);
			runOnlyForDeploymentPostprocessing = 0;
		};
		69DF5E3D2E209A4800CE5E2A /* Sources */ = {
			isa = PBXSourcesBuildPhase;
			buildActionMask = 2147483647;
			files = (
			);
			runOnlyForDeploymentPostprocessing = 0;
		};
		69DF5E472E209A4800CE5E2A /* Sources */ = {
			isa = PBXSourcesBuildPhase;
			buildActionMask = 2147483647;
			files = (
			);
			runOnlyForDeploymentPostprocessing = 0;
		};
/* End PBXSourcesBuildPhase section */

/* Begin PBXTargetDependency section */
		69DF5E432E209A4800CE5E2A /* PBXTargetDependency */ = {
			isa = PBXTargetDependency;
			target = 69DF5E332E209A4600CE5E2A /* Yut */;
			targetProxy = 69DF5E422E209A4800CE5E2A /* PBXContainerItemProxy */;
		};
		69DF5E4D2E209A4800CE5E2A /* PBXTargetDependency */ = {
			isa = PBXTargetDependency;
			target = 69DF5E332E209A4600CE5E2A /* Yut */;
			targetProxy = 69DF5E4C2E209A4800CE5E2A /* PBXContainerItemProxy */;
		};
/* End PBXTargetDependency section */

/* Begin XCBuildConfiguration section */
		69DF5E532E209A4800CE5E2A /* Debug */ = {
			isa = XCBuildConfiguration;
			buildSettings = {
				ALWAYS_SEARCH_USER_PATHS = NO;
				ASSETCATALOG_COMPILER_GENERATE_SWIFT_ASSET_SYMBOL_EXTENSIONS = YES;
				CLANG_ANALYZER_NONNULL = YES;
				CLANG_ANALYZER_NUMBER_OBJECT_CONVERSION = YES_AGGRESSIVE;
				CLANG_CXX_LANGUAGE_STANDARD = "gnu++20";
				CLANG_ENABLE_MODULES = YES;
				CLANG_ENABLE_OBJC_ARC = YES;
				CLANG_ENABLE_OBJC_WEAK = YES;
				CLANG_WARN_BLOCK_CAPTURE_AUTORELEASING = YES;
				CLANG_WARN_BOOL_CONVERSION = YES;
				CLANG_WARN_COMMA = YES;
				CLANG_WARN_CONSTANT_CONVERSION = YES;
				CLANG_WARN_DEPRECATED_OBJC_IMPLEMENTATIONS = YES;
				CLANG_WARN_DIRECT_OBJC_ISA_USAGE = YES_ERROR;
				CLANG_WARN_DOCUMENTATION_COMMENTS = YES;
				CLANG_WARN_EMPTY_BODY = YES;
				CLANG_WARN_ENUM_CONVERSION = YES;
				CLANG_WARN_INFINITE_RECURSION = YES;
				CLANG_WARN_INT_CONVERSION = YES;
				CLANG_WARN_NON_LITERAL_NULL_CONVERSION = YES;
				CLANG_WARN_OBJC_IMPLICIT_RETAIN_SELF = YES;
				CLANG_WARN_OBJC_LITERAL_CONVERSION = YES;
				CLANG_WARN_OBJC_ROOT_CLASS = YES_ERROR;
				CLANG_WARN_QUOTED_INCLUDE_IN_FRAMEWORK_HEADER = YES;
				CLANG_WARN_RANGE_LOOP_ANALYSIS = YES;
				CLANG_WARN_STRICT_PROTOTYPES = YES;
				CLANG_WARN_SUSPICIOUS_MOVE = YES;
				CLANG_WARN_UNGUARDED_AVAILABILITY = YES_AGGRESSIVE;
				CLANG_WARN_UNREACHABLE_CODE = YES;
				CLANG_WARN__DUPLICATE_METHOD_MATCH = YES;
				COPY_PHASE_STRIP = NO;
				DEBUG_INFORMATION_FORMAT = dwarf;
				DEVELOPMENT_TEAM = NBC28VW8Q2;
				ENABLE_STRICT_OBJC_MSGSEND = YES;
				ENABLE_TESTABILITY = YES;
				ENABLE_USER_SCRIPT_SANDBOXING = YES;
				GCC_C_LANGUAGE_STANDARD = gnu17;
				GCC_DYNAMIC_NO_PIC = NO;
				GCC_NO_COMMON_BLOCKS = YES;
				GCC_OPTIMIZATION_LEVEL = 0;
				GCC_PREPROCESSOR_DEFINITIONS = (
					"DEBUG=1",
					"$(inherited)",
				);
				GCC_WARN_64_TO_32_BIT_CONVERSION = YES;
				GCC_WARN_ABOUT_RETURN_TYPE = YES_ERROR;
				GCC_WARN_UNDECLARED_SELECTOR = YES;
				GCC_WARN_UNINITIALIZED_AUTOS = YES_AGGRESSIVE;
				GCC_WARN_UNUSED_FUNCTION = YES;
				GCC_WARN_UNUSED_VARIABLE = YES;
				IPHONEOS_DEPLOYMENT_TARGET = 18.5;
				LOCALIZATION_PREFERS_STRING_CATALOGS = YES;
				MTL_ENABLE_DEBUG_INFO = INCLUDE_SOURCE;
				MTL_FAST_MATH = YES;
				ONLY_ACTIVE_ARCH = YES;
				SDKROOT = iphoneos;
				SWIFT_ACTIVE_COMPILATION_CONDITIONS = "DEBUG $(inherited)";
				SWIFT_OPTIMIZATION_LEVEL = "-Onone";
			};
			name = Debug;
		};
		69DF5E542E209A4800CE5E2A /* Release */ = {
			isa = XCBuildConfiguration;
			buildSettings = {
				ALWAYS_SEARCH_USER_PATHS = NO;
				ASSETCATALOG_COMPILER_GENERATE_SWIFT_ASSET_SYMBOL_EXTENSIONS = YES;
				CLANG_ANALYZER_NONNULL = YES;
				CLANG_ANALYZER_NUMBER_OBJECT_CONVERSION = YES_AGGRESSIVE;
				CLANG_CXX_LANGUAGE_STANDARD = "gnu++20";
				CLANG_ENABLE_MODULES = YES;
				CLANG_ENABLE_OBJC_ARC = YES;
				CLANG_ENABLE_OBJC_WEAK = YES;
				CLANG_WARN_BLOCK_CAPTURE_AUTORELEASING = YES;
				CLANG_WARN_BOOL_CONVERSION = YES;
				CLANG_WARN_COMMA = YES;
				CLANG_WARN_CONSTANT_CONVERSION = YES;
				CLANG_WARN_DEPRECATED_OBJC_IMPLEMENTATIONS = YES;
				CLANG_WARN_DIRECT_OBJC_ISA_USAGE = YES_ERROR;
				CLANG_WARN_DOCUMENTATION_COMMENTS = YES;
				CLANG_WARN_EMPTY_BODY = YES;
				CLANG_WARN_ENUM_CONVERSION = YES;
				CLANG_WARN_INFINITE_RECURSION = YES;
				CLANG_WARN_INT_CONVERSION = YES;
				CLANG_WARN_NON_LITERAL_NULL_CONVERSION = YES;
				CLANG_WARN_OBJC_IMPLICIT_RETAIN_SELF = YES;
				CLANG_WARN_OBJC_LITERAL_CONVERSION = YES;
				CLANG_WARN_OBJC_ROOT_CLASS = YES_ERROR;
				CLANG_WARN_QUOTED_INCLUDE_IN_FRAMEWORK_HEADER = YES;
				CLANG_WARN_RANGE_LOOP_ANALYSIS = YES;
				CLANG_WARN_STRICT_PROTOTYPES = YES;
				CLANG_WARN_SUSPICIOUS_MOVE = YES;
				CLANG_WARN_UNGUARDED_AVAILABILITY = YES_AGGRESSIVE;
				CLANG_WARN_UNREACHABLE_CODE = YES;
				CLANG_WARN__DUPLICATE_METHOD_MATCH = YES;
				COPY_PHASE_STRIP = NO;
				DEBUG_INFORMATION_FORMAT = "dwarf-with-dsym";
				DEVELOPMENT_TEAM = NBC28VW8Q2;
				ENABLE_NS_ASSERTIONS = NO;
				ENABLE_STRICT_OBJC_MSGSEND = YES;
				ENABLE_USER_SCRIPT_SANDBOXING = YES;
				GCC_C_LANGUAGE_STANDARD = gnu17;
				GCC_NO_COMMON_BLOCKS = YES;
				GCC_WARN_64_TO_32_BIT_CONVERSION = YES;
				GCC_WARN_ABOUT_RETURN_TYPE = YES_ERROR;
				GCC_WARN_UNDECLARED_SELECTOR = YES;
				GCC_WARN_UNINITIALIZED_AUTOS = YES_AGGRESSIVE;
				GCC_WARN_UNUSED_FUNCTION = YES;
				GCC_WARN_UNUSED_VARIABLE = YES;
				IPHONEOS_DEPLOYMENT_TARGET = 18.5;
				LOCALIZATION_PREFERS_STRING_CATALOGS = YES;
				MTL_ENABLE_DEBUG_INFO = NO;
				MTL_FAST_MATH = YES;
				SDKROOT = iphoneos;
				SWIFT_COMPILATION_MODE = wholemodule;
				VALIDATE_PRODUCT = YES;
			};
			name = Release;
		};
		69DF5E562E209A4800CE5E2A /* Debug */ = {
			isa = XCBuildConfiguration;
			buildSettings = {
				ASSETCATALOG_COMPILER_APPICON_NAME = AppIcon;
				ASSETCATALOG_COMPILER_GLOBAL_ACCENT_COLOR_NAME = AccentColor;
				CODE_SIGN_STYLE = Automatic;
				CURRENT_PROJECT_VERSION = 1;
				DEVELOPMENT_TEAM = H2WD8C55D7;

				ENABLE_PREVIEWS = YES;
				GENERATE_INFOPLIST_FILE = YES;
				INFOPLIST_FILE = Yut/Info.plist;
				INFOPLIST_KEY_NSBluetoothAlwaysUsageDescription = "Bluetooth 연결 확인";
				INFOPLIST_KEY_NSCameraUsageDescription = "카메라 접근 허용";
				INFOPLIST_KEY_NSLocalNetworkUsageDescription = "이 앱은 같은 네트워크의 기기와 통신하기 위해 사용됩니다.";
				INFOPLIST_KEY_UIApplicationSceneManifest_Generation = YES;
				INFOPLIST_KEY_UIApplicationSupportsIndirectInputEvents = YES;
				INFOPLIST_KEY_UILaunchScreen_Generation = YES;
				INFOPLIST_KEY_UISupportedInterfaceOrientations_iPad = "UIInterfaceOrientationPortrait UIInterfaceOrientationPortraitUpsideDown UIInterfaceOrientationLandscapeLeft UIInterfaceOrientationLandscapeRight";
				INFOPLIST_KEY_UISupportedInterfaceOrientations_iPhone = "UIInterfaceOrientationPortrait UIInterfaceOrientationLandscapeLeft UIInterfaceOrientationLandscapeRight";
				LD_RUNPATH_SEARCH_PATHS = (
					"$(inherited)",
					"@executable_path/Frameworks",
				);
				MARKETING_VERSION = 1.0;
				PRODUCT_BUNDLE_IDENTIFIER = HappyJay.Yut2;
				PRODUCT_NAME = "$(TARGET_NAME)";
				SWIFT_EMIT_LOC_STRINGS = YES;
				SWIFT_VERSION = 5.0;
				TARGETED_DEVICE_FAMILY = "1,2";
			};
			name = Debug;
		};
		69DF5E572E209A4800CE5E2A /* Release */ = {
			isa = XCBuildConfiguration;
			buildSettings = {
				ASSETCATALOG_COMPILER_APPICON_NAME = AppIcon;
				ASSETCATALOG_COMPILER_GLOBAL_ACCENT_COLOR_NAME = AccentColor;
				CODE_SIGN_STYLE = Automatic;
				CURRENT_PROJECT_VERSION = 1;
				DEVELOPMENT_TEAM = H2WD8C55D7;

				ENABLE_PREVIEWS = YES;
				GENERATE_INFOPLIST_FILE = YES;
				INFOPLIST_FILE = Yut/Info.plist;
				INFOPLIST_KEY_NSBluetoothAlwaysUsageDescription = "Bluetooth 연결 확인";
				INFOPLIST_KEY_NSCameraUsageDescription = "카메라 접근 허용";
				INFOPLIST_KEY_NSLocalNetworkUsageDescription = "이 앱은 같은 네트워크의 기기와 통신하기 위해 사용됩니다.";
				INFOPLIST_KEY_UIApplicationSceneManifest_Generation = YES;
				INFOPLIST_KEY_UIApplicationSupportsIndirectInputEvents = YES;
				INFOPLIST_KEY_UILaunchScreen_Generation = YES;
				INFOPLIST_KEY_UISupportedInterfaceOrientations_iPad = "UIInterfaceOrientationPortrait UIInterfaceOrientationPortraitUpsideDown UIInterfaceOrientationLandscapeLeft UIInterfaceOrientationLandscapeRight";
				INFOPLIST_KEY_UISupportedInterfaceOrientations_iPhone = "UIInterfaceOrientationPortrait UIInterfaceOrientationLandscapeLeft UIInterfaceOrientationLandscapeRight";
				LD_RUNPATH_SEARCH_PATHS = (
					"$(inherited)",
					"@executable_path/Frameworks",
				);
				MARKETING_VERSION = 1.0;
				PRODUCT_BUNDLE_IDENTIFIER = HappyJay.Yut2;
				PRODUCT_NAME = "$(TARGET_NAME)";
				SWIFT_EMIT_LOC_STRINGS = YES;
				SWIFT_VERSION = 5.0;
				TARGETED_DEVICE_FAMILY = "1,2";
			};
			name = Release;
		};
		69DF5E592E209A4800CE5E2A /* Debug */ = {
			isa = XCBuildConfiguration;
			buildSettings = {
				BUNDLE_LOADER = "$(TEST_HOST)";
				CODE_SIGN_STYLE = Automatic;
				CURRENT_PROJECT_VERSION = 1;
				DEVELOPMENT_TEAM = NBC28VW8Q2;
				GENERATE_INFOPLIST_FILE = YES;
				IPHONEOS_DEPLOYMENT_TARGET = 18.5;
				MARKETING_VERSION = 1.0;
				PRODUCT_BUNDLE_IDENTIFIER = HappyJay.YutTests;
				PRODUCT_NAME = "$(TARGET_NAME)";
				SWIFT_EMIT_LOC_STRINGS = NO;
				SWIFT_VERSION = 5.0;
				TARGETED_DEVICE_FAMILY = "1,2";
				TEST_HOST = "$(BUILT_PRODUCTS_DIR)/Yut.app/$(BUNDLE_EXECUTABLE_FOLDER_PATH)/Yut";
			};
			name = Debug;
		};
		69DF5E5A2E209A4800CE5E2A /* Release */ = {
			isa = XCBuildConfiguration;
			buildSettings = {
				BUNDLE_LOADER = "$(TEST_HOST)";
				CODE_SIGN_STYLE = Automatic;
				CURRENT_PROJECT_VERSION = 1;
				DEVELOPMENT_TEAM = NBC28VW8Q2;
				GENERATE_INFOPLIST_FILE = YES;
				IPHONEOS_DEPLOYMENT_TARGET = 18.5;
				MARKETING_VERSION = 1.0;
				PRODUCT_BUNDLE_IDENTIFIER = HappyJay.YutTests;
				PRODUCT_NAME = "$(TARGET_NAME)";
				SWIFT_EMIT_LOC_STRINGS = NO;
				SWIFT_VERSION = 5.0;
				TARGETED_DEVICE_FAMILY = "1,2";
				TEST_HOST = "$(BUILT_PRODUCTS_DIR)/Yut.app/$(BUNDLE_EXECUTABLE_FOLDER_PATH)/Yut";
			};
			name = Release;
		};
		69DF5E5C2E209A4800CE5E2A /* Debug */ = {
			isa = XCBuildConfiguration;
			buildSettings = {
				CODE_SIGN_STYLE = Automatic;
				CURRENT_PROJECT_VERSION = 1;
				DEVELOPMENT_TEAM = NBC28VW8Q2;
				GENERATE_INFOPLIST_FILE = YES;
				MARKETING_VERSION = 1.0;
				PRODUCT_BUNDLE_IDENTIFIER = HappyJay.YutUITests;
				PRODUCT_NAME = "$(TARGET_NAME)";
				SWIFT_EMIT_LOC_STRINGS = NO;
				SWIFT_VERSION = 5.0;
				TARGETED_DEVICE_FAMILY = "1,2";
				TEST_TARGET_NAME = Yut;
			};
			name = Debug;
		};
		69DF5E5D2E209A4800CE5E2A /* Release */ = {
			isa = XCBuildConfiguration;
			buildSettings = {
				CODE_SIGN_STYLE = Automatic;
				CURRENT_PROJECT_VERSION = 1;
				DEVELOPMENT_TEAM = NBC28VW8Q2;
				GENERATE_INFOPLIST_FILE = YES;
				MARKETING_VERSION = 1.0;
				PRODUCT_BUNDLE_IDENTIFIER = HappyJay.YutUITests;
				PRODUCT_NAME = "$(TARGET_NAME)";
				SWIFT_EMIT_LOC_STRINGS = NO;
				SWIFT_VERSION = 5.0;
				TARGETED_DEVICE_FAMILY = "1,2";
				TEST_TARGET_NAME = Yut;
			};
			name = Release;
		};
/* End XCBuildConfiguration section */

/* Begin XCConfigurationList section */
		69DF5E2F2E209A4600CE5E2A /* Build configuration list for PBXProject "Yut" */ = {
			isa = XCConfigurationList;
			buildConfigurations = (
				69DF5E532E209A4800CE5E2A /* Debug */,
				69DF5E542E209A4800CE5E2A /* Release */,
			);
			defaultConfigurationIsVisible = 0;
			defaultConfigurationName = Release;
		};
		69DF5E552E209A4800CE5E2A /* Build configuration list for PBXNativeTarget "Yut" */ = {
			isa = XCConfigurationList;
			buildConfigurations = (
				69DF5E562E209A4800CE5E2A /* Debug */,
				69DF5E572E209A4800CE5E2A /* Release */,
			);
			defaultConfigurationIsVisible = 0;
			defaultConfigurationName = Release;
		};
		69DF5E582E209A4800CE5E2A /* Build configuration list for PBXNativeTarget "YutTests" */ = {
			isa = XCConfigurationList;
			buildConfigurations = (
				69DF5E592E209A4800CE5E2A /* Debug */,
				69DF5E5A2E209A4800CE5E2A /* Release */,
			);
			defaultConfigurationIsVisible = 0;
			defaultConfigurationName = Release;
		};
		69DF5E5B2E209A4800CE5E2A /* Build configuration list for PBXNativeTarget "YutUITests" */ = {
			isa = XCConfigurationList;
			buildConfigurations = (
				69DF5E5C2E209A4800CE5E2A /* Debug */,
				69DF5E5D2E209A4800CE5E2A /* Release */,
			);
			defaultConfigurationIsVisible = 0;
			defaultConfigurationName = Release;
		};
/* End XCConfigurationList section */
	};
	rootObject = 69DF5E2C2E209A4600CE5E2A /* Project object */;
}
